// !$*UTF8*$!
{
	archiveVersion = 1;
	classes = {
	};
	objectVersion = 46;
	objects = {

/* Begin PBXBuildFile section */
		EE08D1351E9600130075CA66 /* AppDelegate.swift in Sources */ = {isa = PBXBuildFile; fileRef = EE08D1341E9600130075CA66 /* AppDelegate.swift */; };
		EE08D1371E9600130075CA66 /* ViewController.swift in Sources */ = {isa = PBXBuildFile; fileRef = EE08D1361E9600130075CA66 /* ViewController.swift */; };
		EE08D13A1E9600130075CA66 /* Main.storyboard in Resources */ = {isa = PBXBuildFile; fileRef = EE08D1381E9600130075CA66 /* Main.storyboard */; };
		EE08D13D1E9600130075CA66 /* Poke_GO.xcdatamodeld in Sources */ = {isa = PBXBuildFile; fileRef = EE08D13B1E9600130075CA66 /* Poke_GO.xcdatamodeld */; };
		EE08D13F1E9600130075CA66 /* Assets.xcassets in Resources */ = {isa = PBXBuildFile; fileRef = EE08D13E1E9600130075CA66 /* Assets.xcassets */; };
		EE08D1421E9600130075CA66 /* LaunchScreen.storyboard in Resources */ = {isa = PBXBuildFile; fileRef = EE08D1401E9600130075CA66 /* LaunchScreen.storyboard */; };
		EE08D14B1E9601230075CA66 /* MapKit.framework in Frameworks */ = {isa = PBXBuildFile; fileRef = EE08D14A1E9601230075CA66 /* MapKit.framework */; };
		EE08D14D1E963FBE0075CA66 /* PokedoxViewController.swift in Sources */ = {isa = PBXBuildFile; fileRef = EE08D14C1E963FBE0075CA66 /* PokedoxViewController.swift */; };
		EE08D14F1E96459F0075CA66 /* CDHelper.swift in Sources */ = {isa = PBXBuildFile; fileRef = EE08D14E1E96459F0075CA66 /* CDHelper.swift */; };
		EE08D1511E965C8C0075CA66 /* PokemonAnnotation.swift in Sources */ = {isa = PBXBuildFile; fileRef = EE08D1501E965C8C0075CA66 /* PokemonAnnotation.swift */; };
		EE0A34121E97653600C70FD9 /* BattleScene.swift in Sources */ = {isa = PBXBuildFile; fileRef = EE0A34111E97653600C70FD9 /* BattleScene.swift */; };
		EE0A34141E97655E00C70FD9 /* BattleViewController.swift in Sources */ = {isa = PBXBuildFile; fileRef = EE0A34131E97655E00C70FD9 /* BattleViewController.swift */; };
		EED26ED81E97E2A90098AD7E /* Launch Screen.storyboard in Resources */ = {isa = PBXBuildFile; fileRef = EED26ED71E97E2A90098AD7E /* Launch Screen.storyboard */; };
/* End PBXBuildFile section */

/* Begin PBXFileReference section */
		EE08D1311E9600130075CA66 /* PokéGO.app */ = {isa = PBXFileReference; explicitFileType = wrapper.application; includeInIndex = 0; path = "PokéGO.app"; sourceTree = BUILT_PRODUCTS_DIR; };
		EE08D1341E9600130075CA66 /* AppDelegate.swift */ = {isa = PBXFileReference; lastKnownFileType = sourcecode.swift; path = AppDelegate.swift; sourceTree = "<group>"; };
		EE08D1361E9600130075CA66 /* ViewController.swift */ = {isa = PBXFileReference; lastKnownFileType = sourcecode.swift; path = ViewController.swift; sourceTree = "<group>"; };
		EE08D1391E9600130075CA66 /* Base */ = {isa = PBXFileReference; lastKnownFileType = file.storyboard; name = Base; path = Base.lproj/Main.storyboard; sourceTree = "<group>"; };
		EE08D13C1E9600130075CA66 /* Poke_GO.xcdatamodel */ = {isa = PBXFileReference; lastKnownFileType = wrapper.xcdatamodel; path = Poke_GO.xcdatamodel; sourceTree = "<group>"; };
		EE08D13E1E9600130075CA66 /* Assets.xcassets */ = {isa = PBXFileReference; lastKnownFileType = folder.assetcatalog; path = Assets.xcassets; sourceTree = "<group>"; };
		EE08D1411E9600130075CA66 /* Base */ = {isa = PBXFileReference; lastKnownFileType = file.storyboard; name = Base; path = Base.lproj/LaunchScreen.storyboard; sourceTree = "<group>"; };
		EE08D1431E9600130075CA66 /* Info.plist */ = {isa = PBXFileReference; lastKnownFileType = text.plist.xml; path = Info.plist; sourceTree = "<group>"; };
		EE08D14A1E9601230075CA66 /* MapKit.framework */ = {isa = PBXFileReference; lastKnownFileType = wrapper.framework; name = MapKit.framework; path = System/Library/Frameworks/MapKit.framework; sourceTree = SDKROOT; };
		EE08D14C1E963FBE0075CA66 /* PokedoxViewController.swift */ = {isa = PBXFileReference; fileEncoding = 4; lastKnownFileType = sourcecode.swift; path = PokedoxViewController.swift; sourceTree = "<group>"; };
		EE08D14E1E96459F0075CA66 /* CDHelper.swift */ = {isa = PBXFileReference; fileEncoding = 4; lastKnownFileType = sourcecode.swift; path = CDHelper.swift; sourceTree = "<group>"; };
		EE08D1501E965C8C0075CA66 /* PokemonAnnotation.swift */ = {isa = PBXFileReference; fileEncoding = 4; lastKnownFileType = sourcecode.swift; path = PokemonAnnotation.swift; sourceTree = "<group>"; };
		EE0A34111E97653600C70FD9 /* BattleScene.swift */ = {isa = PBXFileReference; fileEncoding = 4; lastKnownFileType = sourcecode.swift; path = BattleScene.swift; sourceTree = "<group>"; };
		EE0A34131E97655E00C70FD9 /* BattleViewController.swift */ = {isa = PBXFileReference; fileEncoding = 4; lastKnownFileType = sourcecode.swift; path = BattleViewController.swift; sourceTree = "<group>"; };
		EED26ED71E97E2A90098AD7E /* Launch Screen.storyboard */ = {isa = PBXFileReference; fileEncoding = 4; lastKnownFileType = file.storyboard; path = "Launch Screen.storyboard"; sourceTree = "<group>"; };
/* End PBXFileReference section */

/* Begin PBXFrameworksBuildPhase section */
		EE08D12E1E9600130075CA66 /* Frameworks */ = {
			isa = PBXFrameworksBuildPhase;
			buildActionMask = 2147483647;
			files = (
				EE08D14B1E9601230075CA66 /* MapKit.framework in Frameworks */,
			);
			runOnlyForDeploymentPostprocessing = 0;
		};
/* End PBXFrameworksBuildPhase section */

/* Begin PBXGroup section */
		EE08D1281E9600130075CA66 = {
			isa = PBXGroup;
			children = (
				EE08D1331E9600130075CA66 /* PokéGO */,
				EE08D1321E9600130075CA66 /* Products */,
				EE08D1491E9601230075CA66 /* Frameworks */,
			);
			sourceTree = "<group>";
		};
		EE08D1321E9600130075CA66 /* Products */ = {
			isa = PBXGroup;
			children = (
				EE08D1311E9600130075CA66 /* PokéGO.app */,
			);
			name = Products;
			sourceTree = "<group>";
		};
		EE08D1331E9600130075CA66 /* PokéGO */ = {
			isa = PBXGroup;
			children = (
				EE08D1381E9600130075CA66 /* Main.storyboard */,
				EED26ED71E97E2A90098AD7E /* Launch Screen.storyboard */,
				EE08D1341E9600130075CA66 /* AppDelegate.swift */,
				EE08D1361E9600130075CA66 /* ViewController.swift */,
				EE08D14C1E963FBE0075CA66 /* PokedoxViewController.swift */,
				EE08D1501E965C8C0075CA66 /* PokemonAnnotation.swift */,
				EE0A34111E97653600C70FD9 /* BattleScene.swift */,
				EE0A34131E97655E00C70FD9 /* BattleViewController.swift */,
				EE08D1401E9600130075CA66 /* LaunchScreen.storyboard */,
				EE08D1431E9600130075CA66 /* Info.plist */,
				EE08D14E1E96459F0075CA66 /* CDHelper.swift */,
				EE08D13B1E9600130075CA66 /* Poke_GO.xcdatamodeld */,
				EE08D13E1E9600130075CA66 /* Assets.xcassets */,
			);
			path = "PokéGO";
			sourceTree = "<group>";
		};
		EE08D1491E9601230075CA66 /* Frameworks */ = {
			isa = PBXGroup;
			children = (
				EE08D14A1E9601230075CA66 /* MapKit.framework */,
			);
			name = Frameworks;
			sourceTree = "<group>";
		};
/* End PBXGroup section */

/* Begin PBXNativeTarget section */
		EE08D1301E9600130075CA66 /* PokéGO */ = {
			isa = PBXNativeTarget;
			buildConfigurationList = EE08D1461E9600130075CA66 /* Build configuration list for PBXNativeTarget "PokéGO" */;
			buildPhases = (
				EE08D12D1E9600130075CA66 /* Sources */,
				EE08D12E1E9600130075CA66 /* Frameworks */,
				EE08D12F1E9600130075CA66 /* Resources */,
			);
			buildRules = (
			);
			dependencies = (
			);
			name = "PokéGO";
			productName = "PokéGO";
			productReference = EE08D1311E9600130075CA66 /* PokéGO.app */;
			productType = "com.apple.product-type.application";
		};
/* End PBXNativeTarget section */

/* Begin PBXProject section */
		EE08D1291E9600130075CA66 /* Project object */ = {
			isa = PBXProject;
			attributes = {
				LastSwiftUpdateCheck = 0830;
				LastUpgradeCheck = 0830;
				ORGANIZATIONNAME = "Mayank Mehta";
				TargetAttributes = {
					EE08D1301E9600130075CA66 = {
						CreatedOnToolsVersion = 8.3;
						ProvisioningStyle = Automatic;
					};
				};
			};
			buildConfigurationList = EE08D12C1E9600130075CA66 /* Build configuration list for PBXProject "PokéGO" */;
			compatibilityVersion = "Xcode 3.2";
			developmentRegion = English;
			hasScannedForEncodings = 0;
			knownRegions = (
				en,
				Base,
			);
			mainGroup = EE08D1281E9600130075CA66;
			productRefGroup = EE08D1321E9600130075CA66 /* Products */;
			projectDirPath = "";
			projectRoot = "";
			targets = (
				EE08D1301E9600130075CA66 /* PokéGO */,
			);
		};
/* End PBXProject section */

/* Begin PBXResourcesBuildPhase section */
		EE08D12F1E9600130075CA66 /* Resources */ = {
			isa = PBXResourcesBuildPhase;
			buildActionMask = 2147483647;
			files = (
				EE08D1421E9600130075CA66 /* LaunchScreen.storyboard in Resources */,
				EE08D13F1E9600130075CA66 /* Assets.xcassets in Resources */,
				EED26ED81E97E2A90098AD7E /* Launch Screen.storyboard in Resources */,
				EE08D13A1E9600130075CA66 /* Main.storyboard in Resources */,
			);
			runOnlyForDeploymentPostprocessing = 0;
		};
/* End PBXResourcesBuildPhase section */

/* Begin PBXSourcesBuildPhase section */
		EE08D12D1E9600130075CA66 /* Sources */ = {
			isa = PBXSourcesBuildPhase;
			buildActionMask = 2147483647;
			files = (
				EE0A34141E97655E00C70FD9 /* BattleViewController.swift in Sources */,
				EE08D1371E9600130075CA66 /* ViewController.swift in Sources */,
				EE08D14F1E96459F0075CA66 /* CDHelper.swift in Sources */,
				EE08D1351E9600130075CA66 /* AppDelegate.swift in Sources */,
				EE08D13D1E9600130075CA66 /* Poke_GO.xcdatamodeld in Sources */,
				EE08D1511E965C8C0075CA66 /* PokemonAnnotation.swift in Sources */,
				EE0A34121E97653600C70FD9 /* BattleScene.swift in Sources */,
				EE08D14D1E963FBE0075CA66 /* PokedoxViewController.swift in Sources */,
			);
			runOnlyForDeploymentPostprocessing = 0;
		};
/* End PBXSourcesBuildPhase section */

/* Begin PBXVariantGroup section */
		EE08D1381E9600130075CA66 /* Main.storyboard */ = {
			isa = PBXVariantGroup;
			children = (
				EE08D1391E9600130075CA66 /* Base */,
			);
			name = Main.storyboard;
			sourceTree = "<group>";
		};
		EE08D1401E9600130075CA66 /* LaunchScreen.storyboard */ = {
			isa = PBXVariantGroup;
			children = (
				EE08D1411E9600130075CA66 /* Base */,
			);
			name = LaunchScreen.storyboard;
			sourceTree = "<group>";
		};
/* End PBXVariantGroup section */

/* Begin XCBuildConfiguration section */
		EE08D1441E9600130075CA66 /* Debug */ = {
			isa = XCBuildConfiguration;
			buildSettings = {
				ALWAYS_SEARCH_USER_PATHS = NO;
				CLANG_ANALYZER_NONNULL = YES;
				CLANG_ANALYZER_NUMBER_OBJECT_CONVERSION = YES_AGGRESSIVE;
				CLANG_CXX_LANGUAGE_STANDARD = "gnu++0x";
				CLANG_CXX_LIBRARY = "libc++";
				CLANG_ENABLE_MODULES = YES;
				CLANG_ENABLE_OBJC_ARC = YES;
				CLANG_WARN_BOOL_CONVERSION = YES;
				CLANG_WARN_CONSTANT_CONVERSION = YES;
				CLANG_WARN_DIRECT_OBJC_ISA_USAGE = YES_ERROR;
				CLANG_WARN_DOCUMENTATION_COMMENTS = YES;
				CLANG_WARN_EMPTY_BODY = YES;
				CLANG_WARN_ENUM_CONVERSION = YES;
				CLANG_WARN_INFINITE_RECURSION = YES;
				CLANG_WARN_INT_CONVERSION = YES;
				CLANG_WARN_OBJC_ROOT_CLASS = YES_ERROR;
				CLANG_WARN_SUSPICIOUS_MOVE = YES;
				CLANG_WARN_UNREACHABLE_CODE = YES;
				CLANG_WARN__DUPLICATE_METHOD_MATCH = YES;
				"CODE_SIGN_IDENTITY[sdk=iphoneos*]" = "iPhone Developer";
				COPY_PHASE_STRIP = NO;
				DEBUG_INFORMATION_FORMAT = dwarf;
				ENABLE_STRICT_OBJC_MSGSEND = YES;
				ENABLE_TESTABILITY = YES;
				GCC_C_LANGUAGE_STANDARD = gnu99;
				GCC_DYNAMIC_NO_PIC = NO;
				GCC_NO_COMMON_BLOCKS = YES;
				GCC_OPTIMIZATION_LEVEL = 0;
				GCC_PREPROCESSOR_DEFINITIONS = (
					"DEBUG=1",
					"$(inherited)",
				);
				GCC_WARN_64_TO_32_BIT_CONVERSION = YES;
				GCC_WARN_ABOUT_RETURN_TYPE = YES_ERROR;
				GCC_WARN_UNDECLARED_SELECTOR = YES;
				GCC_WARN_UNINITIALIZED_AUTOS = YES_AGGRESSIVE;
				GCC_WARN_UNUSED_FUNCTION = YES;
				GCC_WARN_UNUSED_VARIABLE = YES;
				IPHONEOS_DEPLOYMENT_TARGET = 10.3;
				MTL_ENABLE_DEBUG_INFO = YES;
				ONLY_ACTIVE_ARCH = YES;
				SDKROOT = iphoneos;
				SWIFT_ACTIVE_COMPILATION_CONDITIONS = DEBUG;
				SWIFT_OPTIMIZATION_LEVEL = "-Onone";
			};
			name = Debug;
		};
		EE08D1451E9600130075CA66 /* Release */ = {
			isa = XCBuildConfiguration;
			buildSettings = {
				ALWAYS_SEARCH_USER_PATHS = NO;
				CLANG_ANALYZER_NONNULL = YES;
				CLANG_ANALYZER_NUMBER_OBJECT_CONVERSION = YES_AGGRESSIVE;
				CLANG_CXX_LANGUAGE_STANDARD = "gnu++0x";
				CLANG_CXX_LIBRARY = "libc++";
				CLANG_ENABLE_MODULES = YES;
				CLANG_ENABLE_OBJC_ARC = YES;
				CLANG_WARN_BOOL_CONVERSION = YES;
				CLANG_WARN_CONSTANT_CONVERSION = YES;
				CLANG_WARN_DIRECT_OBJC_ISA_USAGE = YES_ERROR;
				CLANG_WARN_DOCUMENTATION_COMMENTS = YES;
				CLANG_WARN_EMPTY_BODY = YES;
				CLANG_WARN_ENUM_CONVERSION = YES;
				CLANG_WARN_INFINITE_RECURSION = YES;
				CLANG_WARN_INT_CONVERSION = YES;
				CLANG_WARN_OBJC_ROOT_CLASS = YES_ERROR;
				CLANG_WARN_SUSPICIOUS_MOVE = YES;
				CLANG_WARN_UNREACHABLE_CODE = YES;
				CLANG_WARN__DUPLICATE_METHOD_MATCH = YES;
				"CODE_SIGN_IDENTITY[sdk=iphoneos*]" = "iPhone Developer";
				COPY_PHASE_STRIP = NO;
				DEBUG_INFORMATION_FORMAT = "dwarf-with-dsym";
				ENABLE_NS_ASSERTIONS = NO;
				ENABLE_STRICT_OBJC_MSGSEND = YES;
				GCC_C_LANGUAGE_STANDARD = gnu99;
				GCC_NO_COMMON_BLOCKS = YES;
				GCC_WARN_64_TO_32_BIT_CONVERSION = YES;
				GCC_WARN_ABOUT_RETURN_TYPE = YES_ERROR;
				GCC_WARN_UNDECLARED_SELECTOR = YES;
				GCC_WARN_UNINITIALIZED_AUTOS = YES_AGGRESSIVE;
				GCC_WARN_UNUSED_FUNCTION = YES;
				GCC_WARN_UNUSED_VARIABLE = YES;
				IPHONEOS_DEPLOYMENT_TARGET = 10.3;
				MTL_ENABLE_DEBUG_INFO = NO;
				SDKROOT = iphoneos;
				SWIFT_OPTIMIZATION_LEVEL = "-Owholemodule";
				VALIDATE_PRODUCT = YES;
			};
			name = Release;
		};
		EE08D1471E9600130075CA66 /* Debug */ = {
			isa = XCBuildConfiguration;
			buildSettings = {
				ASSETCATALOG_COMPILER_APPICON_NAME = AppIcon;
				INFOPLIST_FILE = "PokéGO/Info.plist";
				LD_RUNPATH_SEARCH_PATHS = "$(inherited) @executable_path/Frameworks";
				PRODUCT_BUNDLE_IDENTIFIER = "main.c.Poke-GO";
				PRODUCT_NAME = "$(TARGET_NAME)";
				SWIFT_VERSION = 3.0;
			};
			name = Debug;
		};
		EE08D1481E9600130075CA66 /* Release */ = {
			isa = XCBuildConfiguration;
			buildSettings = {
				ASSETCATALOG_COMPILER_APPICON_NAME = AppIcon;
				INFOPLIST_FILE = "PokéGO/Info.plist";
				LD_RUNPATH_SEARCH_PATHS = "$(inherited) @executable_path/Frameworks";
				PRODUCT_BUNDLE_IDENTIFIER = "main.c.Poke-GO";
				PRODUCT_NAME = "$(TARGET_NAME)";
				SWIFT_VERSION = 3.0;
			};
			name = Release;
		};
/* End XCBuildConfiguration section */

/* Begin XCConfigurationList section */
		EE08D12C1E9600130075CA66 /* Build configuration list for PBXProject "PokéGO" */ = {
			isa = XCConfigurationList;
			buildConfigurations = (
				EE08D1441E9600130075CA66 /* Debug */,
				EE08D1451E9600130075CA66 /* Release */,
			);
			defaultConfigurationIsVisible = 0;
			defaultConfigurationName = Release;
		};
		EE08D1461E9600130075CA66 /* Build configuration list for PBXNativeTarget "PokéGO" */ = {
			isa = XCConfigurationList;
			buildConfigurations = (
				EE08D1471E9600130075CA66 /* Debug */,
				EE08D1481E9600130075CA66 /* Release */,
			);
			defaultConfigurationIsVisible = 0;
			defaultConfigurationName = Release;
		};
/* End XCConfigurationList section */

/* Begin XCVersionGroup section */
		EE08D13B1E9600130075CA66 /* Poke_GO.xcdatamodeld */ = {
			isa = XCVersionGroup;
			children = (
				EE08D13C1E9600130075CA66 /* Poke_GO.xcdatamodel */,
			);
			currentVersion = EE08D13C1E9600130075CA66 /* Poke_GO.xcdatamodel */;
			path = Poke_GO.xcdatamodeld;
			sourceTree = "<group>";
			versionGroupType = wrapper.xcdatamodel;
		};
/* End XCVersionGroup section */
	};
	rootObject = EE08D1291E9600130075CA66 /* Project object */;
}
